
Microsoft Visual Studio Solution File, Format Version 12.00
# Visual Studio Version 17
VisualStudioVersion = 17.0.32014.148
MinimumVisualStudioVersion = 10.0.40219.1
Project("{FAE04EC0-301F-11D3-BF4B-00C04F79EFBC}") = "GameProject", "GameProject.csproj", "{A06C1C92-2E0C-4543-9D32-94546C50E9B9}"
EndProject
Global
	GlobalSection(SolutionConfigurationPlatforms) = preSolution
		Debug|Any CPU = Debug|Any CPU
		Release|Any CPU = Release|Any CPU
	EndGlobalSection
	GlobalSection(ProjectConfigurationPlatforms) = postSolution
		{A06C1C92-2E0C-4543-9D32-94546C50E9B9}.Debug|Any CPU.ActiveCfg = Debug|Any CPU
		{A06C1C92-2E0C-4543-9D32-94546C50E9B9}.Debug|Any CPU.Build.0 = Debug|Any CPU
		{A06C1C92-2E0C-4543-9D32-94546C50E9B9}.Release|Any CPU.ActiveCfg = Release|Any CPU
		{A06C1C92-2E0C-4543-9D32-94546C50E9B9}.Release|Any CPU.Build.0 = Release|Any CPU
	EndGlobalSection
	GlobalSection(SolutionProperties) = preSolution
		HideSolutionNode = FALSE
	EndGlobalSection
	GlobalSection(ExtensibilityGlobals) = postSolution
		SolutionGuid = {341A2B12-2AF8-4E9E-8CCB-A0BDC97DA11B}
	EndGlobalSection
EndGlobal
